
Microsoft Visual Studio Solution File, Format Version 12.00
# Visual Studio 2013
VisualStudioVersion = 12.0.31101.0
MinimumVisualStudioVersion = 10.0.40219.1
Project("{FAE04EC0-301F-11D3-BF4B-00C04F79EFBC}") = "OneContact", "OneContact\OneContact.csproj", "{AB72707D-7547-4F4E-BFFB-9001F08146D9}"
EndProject
Project("{FAE04EC0-301F-11D3-BF4B-00C04F79EFBC}") = "OneContact.Tests", "OneContact.Tests\OneContact.Tests.csproj", "{4E2BB10A-D65F-4D4F-9A4B-C682101D16DA}"
EndProject
Project("{2150E333-8FDC-42A3-9474-1A3956D46DE8}") = "PublishScripts", "PublishScripts", "{0FAC1CA5-F952-492C-8A5C-6A86AEC90F68}"
	ProjectSection(SolutionItems) = preProject
		PublishScripts\AzureWebsitePublishModule.psm1 = PublishScripts\AzureWebsitePublishModule.psm1
		PublishScripts\Publish-WebApplicationWebsite.ps1 = PublishScripts\Publish-WebApplicationWebsite.ps1
	EndProjectSection
EndProject
Project("{2150E333-8FDC-42A3-9474-1A3956D46DE8}") = "Configurations", "Configurations", "{8AF4031D-B25D-45AF-819D-0C6006EF7271}"
	ProjectSection(SolutionItems) = preProject
		PublishScripts\Configurations\OneContact-WAWS-dev.json = PublishScripts\Configurations\OneContact-WAWS-dev.json
	EndProjectSection
EndProject
Project("{2150E333-8FDC-42A3-9474-1A3956D46DE8}") = ".nuget", ".nuget", "{8B6A803D-F67C-4E3B-97D0-E588CC983780}"
	ProjectSection(SolutionItems) = preProject
		.nuget\packages.config = .nuget\packages.config
	EndProjectSection
EndProject
Global
	GlobalSection(SolutionConfigurationPlatforms) = preSolution
		Debug|Any CPU = Debug|Any CPU
		Release|Any CPU = Release|Any CPU
	EndGlobalSection
	GlobalSection(ProjectConfigurationPlatforms) = postSolution
		{AB72707D-7547-4F4E-BFFB-9001F08146D9}.Debug|Any CPU.ActiveCfg = Debug|Any CPU
		{AB72707D-7547-4F4E-BFFB-9001F08146D9}.Debug|Any CPU.Build.0 = Debug|Any CPU
		{AB72707D-7547-4F4E-BFFB-9001F08146D9}.Release|Any CPU.ActiveCfg = Release|Any CPU
		{AB72707D-7547-4F4E-BFFB-9001F08146D9}.Release|Any CPU.Build.0 = Release|Any CPU
		{4E2BB10A-D65F-4D4F-9A4B-C682101D16DA}.Debug|Any CPU.ActiveCfg = Debug|Any CPU
		{4E2BB10A-D65F-4D4F-9A4B-C682101D16DA}.Debug|Any CPU.Build.0 = Debug|Any CPU
		{4E2BB10A-D65F-4D4F-9A4B-C682101D16DA}.Release|Any CPU.ActiveCfg = Release|Any CPU
		{4E2BB10A-D65F-4D4F-9A4B-C682101D16DA}.Release|Any CPU.Build.0 = Release|Any CPU
	EndGlobalSection
	GlobalSection(SolutionProperties) = preSolution
		HideSolutionNode = FALSE
	EndGlobalSection
	GlobalSection(NestedProjects) = preSolution
		{8AF4031D-B25D-45AF-819D-0C6006EF7271} = {0FAC1CA5-F952-492C-8A5C-6A86AEC90F68}
	EndGlobalSection
EndGlobal
